
Microsoft Visual Studio Solution File, Format Version 12.00
# Visual Studio Version 17
VisualStudioVersion = 17.3.32929.385
MinimumVisualStudioVersion = 10.0.40219.1
Project("{FAE04EC0-301F-11D3-BF4B-00C04F79EFBC}") = "Simple.MEI.API", "Simple.MEI.API\Simple.MEI.API.csproj", "{93A594D3-E91E-4472-98EA-3488E5F9FA38}"
EndProject
Global
	GlobalSection(SolutionConfigurationPlatforms) = preSolution
		Debug|Any CPU = Debug|Any CPU
		Release|Any CPU = Release|Any CPU
	EndGlobalSection
	GlobalSection(ProjectConfigurationPlatforms) = postSolution
		{93A594D3-E91E-4472-98EA-3488E5F9FA38}.Debug|Any CPU.ActiveCfg = Debug|Any CPU
		{93A594D3-E91E-4472-98EA-3488E5F9FA38}.Debug|Any CPU.Build.0 = Debug|Any CPU
		{93A594D3-E91E-4472-98EA-3488E5F9FA38}.Release|Any CPU.ActiveCfg = Release|Any CPU
		{93A594D3-E91E-4472-98EA-3488E5F9FA38}.Release|Any CPU.Build.0 = Release|Any CPU
	EndGlobalSection
	GlobalSection(SolutionProperties) = preSolution
		HideSolutionNode = FALSE
	EndGlobalSection
	GlobalSection(ExtensibilityGlobals) = postSolution
		SolutionGuid = {6668EDA0-1E2F-4A76-B82B-B5527DEE50DB}
	EndGlobalSection
EndGlobal
