
Microsoft Visual Studio Solution File, Format Version 12.00
# Visual Studio Version 17
VisualStudioVersion = 17.3.32929.385
MinimumVisualStudioVersion = 10.0.40219.1
Project("{9A19103F-16F7-4668-BE54-9A1E7A4F7556}") = "Simple.Client.MEI.API", "Simple.MEI.API\Simple.Client.MEI.API.csproj", "{93A594D3-E91E-4472-98EA-3488E5F9FA38}"
EndProject
Project("{2150E333-8FDC-42A3-9474-1A3956D46DE8}") = "0 - Application", "0 - Application", "{6A5DB8A6-619D-4232-9D87-2F0D3402E475}"
EndProject
Project("{2150E333-8FDC-42A3-9474-1A3956D46DE8}") = "1 - Service", "1 - Service", "{7725945B-6800-4ABC-8AC9-6C024740732F}"
EndProject
Project("{2150E333-8FDC-42A3-9474-1A3956D46DE8}") = "2 - Domain", "2 - Domain", "{CB1987FD-CD42-413D-A037-9A1FDE151364}"
EndProject
Project("{2150E333-8FDC-42A3-9474-1A3956D46DE8}") = "3 - Infra", "3 - Infra", "{CA28FE4C-E15A-493B-B9D1-F2C9D5F854F0}"
EndProject
Project("{2150E333-8FDC-42A3-9474-1A3956D46DE8}") = "0 - Data", "0 - Data", "{3DD4CFCE-31AC-4DBD-ABB6-3C16C143BD1D}"
EndProject
Project("{2150E333-8FDC-42A3-9474-1A3956D46DE8}") = "1 - CrossCuting", "1 - CrossCuting", "{0B5833F1-DE0B-4F1E-B918-607C4903C6B3}"
EndProject
Project("{9A19103F-16F7-4668-BE54-9A1E7A4F7556}") = "Domain", "Domain\Domain.csproj", "{AF7B0E47-3F2B-491A-ADF2-95AADD3996C9}"
EndProject
Project("{9A19103F-16F7-4668-BE54-9A1E7A4F7556}") = "CrossCuting", "CrossCuting\CrossCuting.csproj", "{55A6610B-06FC-4EBC-B9B5-18C4DF3657B6}"
EndProject
Project("{9A19103F-16F7-4668-BE54-9A1E7A4F7556}") = "Data", "Data\Data.csproj", "{B3709B11-5EBF-445C-BC3F-D34DCD450BAE}"
EndProject
Project("{9A19103F-16F7-4668-BE54-9A1E7A4F7556}") = "Service", "Service\Service.csproj", "{3E052309-CBFA-4FDF-A8DB-733D7B3B5BB4}"
EndProject
Global
	GlobalSection(SolutionConfigurationPlatforms) = preSolution
		Debug|Any CPU = Debug|Any CPU
		Release|Any CPU = Release|Any CPU
	EndGlobalSection
	GlobalSection(ProjectConfigurationPlatforms) = postSolution
		{93A594D3-E91E-4472-98EA-3488E5F9FA38}.Debug|Any CPU.ActiveCfg = Debug|Any CPU
		{93A594D3-E91E-4472-98EA-3488E5F9FA38}.Debug|Any CPU.Build.0 = Debug|Any CPU
		{93A594D3-E91E-4472-98EA-3488E5F9FA38}.Release|Any CPU.ActiveCfg = Release|Any CPU
		{93A594D3-E91E-4472-98EA-3488E5F9FA38}.Release|Any CPU.Build.0 = Release|Any CPU
		{AF7B0E47-3F2B-491A-ADF2-95AADD3996C9}.Debug|Any CPU.ActiveCfg = Debug|Any CPU
		{AF7B0E47-3F2B-491A-ADF2-95AADD3996C9}.Debug|Any CPU.Build.0 = Debug|Any CPU
		{AF7B0E47-3F2B-491A-ADF2-95AADD3996C9}.Release|Any CPU.ActiveCfg = Release|Any CPU
		{AF7B0E47-3F2B-491A-ADF2-95AADD3996C9}.Release|Any CPU.Build.0 = Release|Any CPU
		{55A6610B-06FC-4EBC-B9B5-18C4DF3657B6}.Debug|Any CPU.ActiveCfg = Debug|Any CPU
		{55A6610B-06FC-4EBC-B9B5-18C4DF3657B6}.Debug|Any CPU.Build.0 = Debug|Any CPU
		{55A6610B-06FC-4EBC-B9B5-18C4DF3657B6}.Release|Any CPU.ActiveCfg = Release|Any CPU
		{55A6610B-06FC-4EBC-B9B5-18C4DF3657B6}.Release|Any CPU.Build.0 = Release|Any CPU
		{B3709B11-5EBF-445C-BC3F-D34DCD450BAE}.Debug|Any CPU.ActiveCfg = Debug|Any CPU
		{B3709B11-5EBF-445C-BC3F-D34DCD450BAE}.Debug|Any CPU.Build.0 = Debug|Any CPU
		{B3709B11-5EBF-445C-BC3F-D34DCD450BAE}.Release|Any CPU.ActiveCfg = Release|Any CPU
		{B3709B11-5EBF-445C-BC3F-D34DCD450BAE}.Release|Any CPU.Build.0 = Release|Any CPU
		{3E052309-CBFA-4FDF-A8DB-733D7B3B5BB4}.Debug|Any CPU.ActiveCfg = Debug|Any CPU
		{3E052309-CBFA-4FDF-A8DB-733D7B3B5BB4}.Debug|Any CPU.Build.0 = Debug|Any CPU
		{3E052309-CBFA-4FDF-A8DB-733D7B3B5BB4}.Release|Any CPU.ActiveCfg = Release|Any CPU
		{3E052309-CBFA-4FDF-A8DB-733D7B3B5BB4}.Release|Any CPU.Build.0 = Release|Any CPU
	EndGlobalSection
	GlobalSection(SolutionProperties) = preSolution
		HideSolutionNode = FALSE
	EndGlobalSection
	GlobalSection(NestedProjects) = preSolution
		{93A594D3-E91E-4472-98EA-3488E5F9FA38} = {6A5DB8A6-619D-4232-9D87-2F0D3402E475}
		{3DD4CFCE-31AC-4DBD-ABB6-3C16C143BD1D} = {CA28FE4C-E15A-493B-B9D1-F2C9D5F854F0}
		{0B5833F1-DE0B-4F1E-B918-607C4903C6B3} = {CA28FE4C-E15A-493B-B9D1-F2C9D5F854F0}
		{AF7B0E47-3F2B-491A-ADF2-95AADD3996C9} = {CB1987FD-CD42-413D-A037-9A1FDE151364}
		{55A6610B-06FC-4EBC-B9B5-18C4DF3657B6} = {0B5833F1-DE0B-4F1E-B918-607C4903C6B3}
		{B3709B11-5EBF-445C-BC3F-D34DCD450BAE} = {3DD4CFCE-31AC-4DBD-ABB6-3C16C143BD1D}
		{3E052309-CBFA-4FDF-A8DB-733D7B3B5BB4} = {7725945B-6800-4ABC-8AC9-6C024740732F}
	EndGlobalSection
	GlobalSection(ExtensibilityGlobals) = postSolution
		SolutionGuid = {6668EDA0-1E2F-4A76-B82B-B5527DEE50DB}
	EndGlobalSection
EndGlobal
